// !$*UTF8*$!
{
	archiveVersion = 1;
	classes = {
	};
	objectVersion = 46;
	objects = {

/* Begin PBXBuildFile section */
		90867AD8192D163B0006B692 /* Foundation.framework in Frameworks */ = {isa = PBXBuildFile; fileRef = 90867AD7192D163B0006B692 /* Foundation.framework */; };
		90867ADB192D163B0006B692 /* main.m in Sources */ = {isa = PBXBuildFile; fileRef = 90867ADA192D163B0006B692 /* main.m */; };
		90867ADF192D163B0006B692 /* gamesofchance.1 in CopyFiles */ = {isa = PBXBuildFile; fileRef = 90867ADE192D163B0006B692 /* gamesofchance.1 */; };
		90DA1D9B193E071A00883806 /* Coin.m in Sources */ = {isa = PBXBuildFile; fileRef = 90DA1D9A193E071A00883806 /* Coin.m */; };
		90DA1D9E193E07AD00883806 /* Dice.m in Sources */ = {isa = PBXBuildFile; fileRef = 90DA1D9D193E07AD00883806 /* Dice.m */; };
/* End PBXBuildFile section */

/* Begin PBXCopyFilesBuildPhase section */
		90867AD2192D163B0006B692 /* CopyFiles */ = {
			isa = PBXCopyFilesBuildPhase;
			buildActionMask = 2147483647;
			dstPath = /usr/share/man/man1/;
			dstSubfolderSpec = 0;
			files = (
				90867ADF192D163B0006B692 /* gamesofchance.1 in CopyFiles */,
			);
			runOnlyForDeploymentPostprocessing = 1;
		};
/* End PBXCopyFilesBuildPhase section */

/* Begin PBXFileReference section */
		90867AD4192D163B0006B692 /* gamesofchance */ = {isa = PBXFileReference; explicitFileType = "compiled.mach-o.executable"; includeInIndex = 0; path = gamesofchance; sourceTree = BUILT_PRODUCTS_DIR; };
		90867AD7192D163B0006B692 /* Foundation.framework */ = {isa = PBXFileReference; lastKnownFileType = wrapper.framework; name = Foundation.framework; path = System/Library/Frameworks/Foundation.framework; sourceTree = SDKROOT; };
		90867ADA192D163B0006B692 /* main.m */ = {isa = PBXFileReference; lastKnownFileType = sourcecode.c.objc; path = main.m; sourceTree = "<group>"; };
		90867ADD192D163B0006B692 /* gamesofchance-Prefix.pch */ = {isa = PBXFileReference; lastKnownFileType = sourcecode.c.h; path = "gamesofchance-Prefix.pch"; sourceTree = "<group>"; };
		90867ADE192D163B0006B692 /* gamesofchance.1 */ = {isa = PBXFileReference; lastKnownFileType = text.man; path = gamesofchance.1; sourceTree = "<group>"; };
		90DA1D99193E071A00883806 /* Coin.h */ = {isa = PBXFileReference; fileEncoding = 4; lastKnownFileType = sourcecode.c.h; path = Coin.h; sourceTree = "<group>"; };
		90DA1D9A193E071A00883806 /* Coin.m */ = {isa = PBXFileReference; fileEncoding = 4; lastKnownFileType = sourcecode.c.objc; path = Coin.m; sourceTree = "<group>"; };
		90DA1D9C193E07AD00883806 /* Dice.h */ = {isa = PBXFileReference; fileEncoding = 4; lastKnownFileType = sourcecode.c.h; path = Dice.h; sourceTree = "<group>"; };
		90DA1D9D193E07AD00883806 /* Dice.m */ = {isa = PBXFileReference; fileEncoding = 4; lastKnownFileType = sourcecode.c.objc; path = Dice.m; sourceTree = "<group>"; };
/* End PBXFileReference section */

/* Begin PBXFrameworksBuildPhase section */
		90867AD1192D163B0006B692 /* Frameworks */ = {
			isa = PBXFrameworksBuildPhase;
			buildActionMask = 2147483647;
			files = (
				90867AD8192D163B0006B692 /* Foundation.framework in Frameworks */,
			);
			runOnlyForDeploymentPostprocessing = 0;
		};
/* End PBXFrameworksBuildPhase section */

/* Begin PBXGroup section */
		90867ACB192D163B0006B692 = {
			isa = PBXGroup;
			children = (
				90867AD9192D163B0006B692 /* gamesofchance */,
				90867AD6192D163B0006B692 /* Frameworks */,
				90867AD5192D163B0006B692 /* Products */,
			);
			sourceTree = "<group>";
		};
		90867AD5192D163B0006B692 /* Products */ = {
			isa = PBXGroup;
			children = (
				90867AD4192D163B0006B692 /* gamesofchance */,
			);
			name = Products;
			sourceTree = "<group>";
		};
		90867AD6192D163B0006B692 /* Frameworks */ = {
			isa = PBXGroup;
			children = (
				90867AD7192D163B0006B692 /* Foundation.framework */,
			);
			name = Frameworks;
			sourceTree = "<group>";
		};
		90867AD9192D163B0006B692 /* gamesofchance */ = {
			isa = PBXGroup;
			children = (
				90867ADA192D163B0006B692 /* main.m */,
				90DA1D9C193E07AD00883806 /* Dice.h */,
				90DA1D9D193E07AD00883806 /* Dice.m */,
				90DA1D9A193E071A00883806 /* Coin.m */,
				90DA1D99193E071A00883806 /* Coin.h */,
				90867ADE192D163B0006B692 /* gamesofchance.1 */,
				90867ADC192D163B0006B692 /* Supporting Files */,
			);
			path = gamesofchance;
			sourceTree = "<group>";
		};
		90867ADC192D163B0006B692 /* Supporting Files */ = {
			isa = PBXGroup;
			children = (
				90867ADD192D163B0006B692 /* gamesofchance-Prefix.pch */,
			);
			name = "Supporting Files";
			sourceTree = "<group>";
		};
/* End PBXGroup section */

/* Begin PBXNativeTarget section */
		90867AD3192D163B0006B692 /* gamesofchance */ = {
			isa = PBXNativeTarget;
			buildConfigurationList = 90867AE2192D163B0006B692 /* Build configuration list for PBXNativeTarget "gamesofchance" */;
			buildPhases = (
				90867AD0192D163B0006B692 /* Sources */,
				90867AD1192D163B0006B692 /* Frameworks */,
				90867AD2192D163B0006B692 /* CopyFiles */,
			);
			buildRules = (
			);
			dependencies = (
			);
			name = gamesofchance;
			productName = gamesofchance;
			productReference = 90867AD4192D163B0006B692 /* gamesofchance */;
			productType = "com.apple.product-type.tool";
		};
/* End PBXNativeTarget section */

/* Begin PBXProject section */
		90867ACC192D163B0006B692 /* Project object */ = {
			isa = PBXProject;
			attributes = {
				LastUpgradeCheck = 0510;
				ORGANIZATIONNAME = sbyrne;
			};
			buildConfigurationList = 90867ACF192D163B0006B692 /* Build configuration list for PBXProject "gamesofchance" */;
			compatibilityVersion = "Xcode 3.2";
			developmentRegion = English;
			hasScannedForEncodings = 0;
			knownRegions = (
				en,
			);
			mainGroup = 90867ACB192D163B0006B692;
			productRefGroup = 90867AD5192D163B0006B692 /* Products */;
			projectDirPath = "";
			projectRoot = "";
			targets = (
				90867AD3192D163B0006B692 /* gamesofchance */,
			);
		};
/* End PBXProject section */

/* Begin PBXSourcesBuildPhase section */
		90867AD0192D163B0006B692 /* Sources */ = {
			isa = PBXSourcesBuildPhase;
			buildActionMask = 2147483647;
			files = (
				90DA1D9E193E07AD00883806 /* Dice.m in Sources */,
				90DA1D9B193E071A00883806 /* Coin.m in Sources */,
				90867ADB192D163B0006B692 /* main.m in Sources */,
			);
			runOnlyForDeploymentPostprocessing = 0;
		};
/* End PBXSourcesBuildPhase section */

/* Begin XCBuildConfiguration section */
		90867AE0192D163B0006B692 /* Debug */ = {
			isa = XCBuildConfiguration;
			buildSettings = {
				ALWAYS_SEARCH_USER_PATHS = NO;
				CLANG_CXX_LANGUAGE_STANDARD = "gnu++0x";
				CLANG_CXX_LIBRARY = "libc++";
				CLANG_ENABLE_MODULES = YES;
				CLANG_ENABLE_OBJC_ARC = YES;
				CLANG_WARN_BOOL_CONVERSION = YES;
				CLANG_WARN_CONSTANT_CONVERSION = YES;
				CLANG_WARN_DIRECT_OBJC_ISA_USAGE = YES_ERROR;
				CLANG_WARN_EMPTY_BODY = YES;
				CLANG_WARN_ENUM_CONVERSION = YES;
				CLANG_WARN_INT_CONVERSION = YES;
				CLANG_WARN_OBJC_ROOT_CLASS = YES_ERROR;
				CLANG_WARN__DUPLICATE_METHOD_MATCH = YES;
				COPY_PHASE_STRIP = NO;
				GCC_C_LANGUAGE_STANDARD = gnu99;
				GCC_DYNAMIC_NO_PIC = NO;
				GCC_ENABLE_OBJC_EXCEPTIONS = YES;
				GCC_OPTIMIZATION_LEVEL = 0;
				GCC_PREPROCESSOR_DEFINITIONS = (
					"DEBUG=1",
					"$(inherited)",
				);
				GCC_SYMBOLS_PRIVATE_EXTERN = NO;
				GCC_WARN_64_TO_32_BIT_CONVERSION = YES;
				GCC_WARN_ABOUT_RETURN_TYPE = YES_ERROR;
				GCC_WARN_UNDECLARED_SELECTOR = YES;
				GCC_WARN_UNINITIALIZED_AUTOS = YES_AGGRESSIVE;
				GCC_WARN_UNUSED_FUNCTION = YES;
				GCC_WARN_UNUSED_VARIABLE = YES;
				MACOSX_DEPLOYMENT_TARGET = 10.9;
				ONLY_ACTIVE_ARCH = YES;
				SDKROOT = macosx;
			};
			name = Debug;
		};
		90867AE1192D163B0006B692 /* Release */ = {
			isa = XCBuildConfiguration;
			buildSettings = {
				ALWAYS_SEARCH_USER_PATHS = NO;
				CLANG_CXX_LANGUAGE_STANDARD = "gnu++0x";
				CLANG_CXX_LIBRARY = "libc++";
				CLANG_ENABLE_MODULES = YES;
				CLANG_ENABLE_OBJC_ARC = YES;
				CLANG_WARN_BOOL_CONVERSION = YES;
				CLANG_WARN_CONSTANT_CONVERSION = YES;
				CLANG_WARN_DIRECT_OBJC_ISA_USAGE = YES_ERROR;
				CLANG_WARN_EMPTY_BODY = YES;
				CLANG_WARN_ENUM_CONVERSION = YES;
				CLANG_WARN_INT_CONVERSION = YES;
				CLANG_WARN_OBJC_ROOT_CLASS = YES_ERROR;
				CLANG_WARN__DUPLICATE_METHOD_MATCH = YES;
				COPY_PHASE_STRIP = YES;
				DEBUG_INFORMATION_FORMAT = "dwarf-with-dsym";
				ENABLE_NS_ASSERTIONS = NO;
				GCC_C_LANGUAGE_STANDARD = gnu99;
				GCC_ENABLE_OBJC_EXCEPTIONS = YES;
				GCC_WARN_64_TO_32_BIT_CONVERSION = YES;
				GCC_WARN_ABOUT_RETURN_TYPE = YES_ERROR;
				GCC_WARN_UNDECLARED_SELECTOR = YES;
				GCC_WARN_UNINITIALIZED_AUTOS = YES_AGGRESSIVE;
				GCC_WARN_UNUSED_FUNCTION = YES;
				GCC_WARN_UNUSED_VARIABLE = YES;
				MACOSX_DEPLOYMENT_TARGET = 10.9;
				SDKROOT = macosx;
			};
			name = Release;
		};
		90867AE3192D163B0006B692 /* Debug */ = {
			isa = XCBuildConfiguration;
			buildSettings = {
				GCC_PRECOMPILE_PREFIX_HEADER = YES;
				GCC_PREFIX_HEADER = "gamesofchance/gamesofchance-Prefix.pch";
				PRODUCT_NAME = "$(TARGET_NAME)";
			};
			name = Debug;
		};
		90867AE4192D163B0006B692 /* Release */ = {
			isa = XCBuildConfiguration;
			buildSettings = {
				GCC_PRECOMPILE_PREFIX_HEADER = YES;
				GCC_PREFIX_HEADER = "gamesofchance/gamesofchance-Prefix.pch";
				PRODUCT_NAME = "$(TARGET_NAME)";
			};
			name = Release;
		};
/* End XCBuildConfiguration section */

/* Begin XCConfigurationList section */
		90867ACF192D163B0006B692 /* Build configuration list for PBXProject "gamesofchance" */ = {
			isa = XCConfigurationList;
			buildConfigurations = (
				90867AE0192D163B0006B692 /* Debug */,
				90867AE1192D163B0006B692 /* Release */,
			);
			defaultConfigurationIsVisible = 0;
			defaultConfigurationName = Release;
		};
		90867AE2192D163B0006B692 /* Build configuration list for PBXNativeTarget "gamesofchance" */ = {
			isa = XCConfigurationList;
			buildConfigurations = (
				90867AE3192D163B0006B692 /* Debug */,
				90867AE4192D163B0006B692 /* Release */,
			);
			defaultConfigurationIsVisible = 0;
			defaultConfigurationName = Release;
		};
/* End XCConfigurationList section */
	};
	rootObject = 90867ACC192D163B0006B692 /* Project object */;
}
